
Microsoft Visual Studio Solution File, Format Version 12.00
# Visual Studio Version 17
VisualStudioVersion = 17.13.35806.99
MinimumVisualStudioVersion = 10.0.40219.1
Project("{FAE04EC0-301F-11D3-BF4B-00C04F79EFBC}") = "EasyPass.API", "EasyPass.API\EasyPass.API\EasyPass.API.csproj", "{3551BF53-C85C-C387-698F-3C3D76340F96}"
EndProject
Project("{FAE04EC0-301F-11D3-BF4B-00C04F79EFBC}") = "EasyPass.App", "EasyPass.App\EasyPass.App\EasyPass.App.csproj", "{65136D55-900E-6509-E087-44D58A54F382}"
EndProject
Global
	GlobalSection(SolutionConfigurationPlatforms) = preSolution
		Debug|Any CPU = Debug|Any CPU
		Release|Any CPU = Release|Any CPU
	EndGlobalSection
	GlobalSection(ProjectConfigurationPlatforms) = postSolution
		{3551BF53-C85C-C387-698F-3C3D76340F96}.Debug|Any CPU.ActiveCfg = Debug|Any CPU
		{3551BF53-C85C-C387-698F-3C3D76340F96}.Debug|Any CPU.Build.0 = Debug|Any CPU
		{3551BF53-C85C-C387-698F-3C3D76340F96}.Release|Any CPU.ActiveCfg = Release|Any CPU
		{3551BF53-C85C-C387-698F-3C3D76340F96}.Release|Any CPU.Build.0 = Release|Any CPU
		{65136D55-900E-6509-E087-44D58A54F382}.Debug|Any CPU.ActiveCfg = Debug|Any CPU
		{65136D55-900E-6509-E087-44D58A54F382}.Debug|Any CPU.Build.0 = Debug|Any CPU
		{65136D55-900E-6509-E087-44D58A54F382}.Debug|Any CPU.Deploy.0 = Debug|Any CPU
		{65136D55-900E-6509-E087-44D58A54F382}.Release|Any CPU.ActiveCfg = Release|Any CPU
		{65136D55-900E-6509-E087-44D58A54F382}.Release|Any CPU.Build.0 = Release|Any CPU
		{65136D55-900E-6509-E087-44D58A54F382}.Release|Any CPU.Deploy.0 = Release|Any CPU
	EndGlobalSection
	GlobalSection(SolutionProperties) = preSolution
		HideSolutionNode = FALSE
	EndGlobalSection
	GlobalSection(ExtensibilityGlobals) = postSolution
		SolutionGuid = {4A94C03A-3824-47A9-9EFE-C98C765EC0D3}
	EndGlobalSection
EndGlobal
