
Microsoft Visual Studio Solution File, Format Version 12.00
# Visual Studio Version 17
VisualStudioVersion = 17.13.35806.99 d17.13
MinimumVisualStudioVersion = 10.0.40219.1
Project("{FAE04EC0-301F-11D3-BF4B-00C04F79EFBC}") = "EasyPass.API", "EasyPass.API\EasyPass.API.csproj", "{DBDF4C90-B838-47A1-9358-5130438D4E81}"
EndProject
Global
	GlobalSection(SolutionConfigurationPlatforms) = preSolution
		Debug|Any CPU = Debug|Any CPU
		Release|Any CPU = Release|Any CPU
	EndGlobalSection
	GlobalSection(ProjectConfigurationPlatforms) = postSolution
		{DBDF4C90-B838-47A1-9358-5130438D4E81}.Debug|Any CPU.ActiveCfg = Debug|Any CPU
		{DBDF4C90-B838-47A1-9358-5130438D4E81}.Debug|Any CPU.Build.0 = Debug|Any CPU
		{DBDF4C90-B838-47A1-9358-5130438D4E81}.Release|Any CPU.ActiveCfg = Release|Any CPU
		{DBDF4C90-B838-47A1-9358-5130438D4E81}.Release|Any CPU.Build.0 = Release|Any CPU
	EndGlobalSection
	GlobalSection(SolutionProperties) = preSolution
		HideSolutionNode = FALSE
	EndGlobalSection
	GlobalSection(ExtensibilityGlobals) = postSolution
		SolutionGuid = {C3A38915-CB5D-48CB-88C2-2E0BC38C28CB}
	EndGlobalSection
EndGlobal
